
Microsoft Visual Studio Solution File, Format Version 12.00
# Visual Studio 15
VisualStudioVersion = 15.0.28307.1340
MinimumVisualStudioVersion = 10.0.40219.1
Project("{FAE04EC0-301F-11D3-BF4B-00C04F79EFBC}") = "LZAIMonitor", "LZAIMonitor\LZAIMonitor.csproj", "{D439A232-4957-441F-9036-64F4585AD9FD}"
EndProject
Project("{FAE04EC0-301F-11D3-BF4B-00C04F79EFBC}") = "LZAIMonitor.Tests", "LZAIMonitor.Tests\LZAIMonitor.Tests.csproj", "{CE6F060A-3FF2-46FE-BEE4-1427E8044FFE}"
EndProject
Project("{2150E333-8FDC-42A3-9474-1A3956D46DE8}") = "5.web", "5.web", "{B7427024-EC31-46C8-9C39-50834B86C794}"
EndProject
Project("{2150E333-8FDC-42A3-9474-1A3956D46DE8}") = "0.lib", "0.lib", "{6CB704A0-1968-4841-BC34-5BA219CFEB73}"
EndProject
Project("{FAE04EC0-301F-11D3-BF4B-00C04F79EFBC}") = "LZAI.MgrLib", "LZAI.MgrLib\LZAI.MgrLib.csproj", "{C7675029-D842-4910-AC61-606B0667CEF3}"
EndProject
Project("{2150E333-8FDC-42A3-9474-1A3956D46DE8}") = "1.Infrastructure", "1.Infrastructure", "{77FF81B9-E296-44FD-977F-C2493FF76CA1}"
EndProject
Project("{2150E333-8FDC-42A3-9474-1A3956D46DE8}") = "2.Model", "2.Model", "{7757E65C-2498-46CD-B8B9-2085F676218A}"
EndProject
Project("{2150E333-8FDC-42A3-9474-1A3956D46DE8}") = "3.Repository", "3.Repository", "{74D14351-B24E-430F-8BAF-BDBE36519B1A}"
EndProject
Project("{2150E333-8FDC-42A3-9474-1A3956D46DE8}") = "4.Service", "4.Service", "{B68371AB-757D-420F-BEEA-04361F79CCCB}"
EndProject
Project("{FAE04EC0-301F-11D3-BF4B-00C04F79EFBC}") = "LZAI.Infrastructure.Ioc", "LZAI.Infrastructure.Ioc\LZAI.Infrastructure.Ioc.csproj", "{BC152A8C-C5DB-4FD7-9CF1-BBDD00FD5C90}"
EndProject
Project("{FAE04EC0-301F-11D3-BF4B-00C04F79EFBC}") = "LZAI.Model", "LZAI.Model\LZAI.Model.csproj", "{F2F68202-5D24-43E3-B06F-314C1E200EF8}"
EndProject
Project("{FAE04EC0-301F-11D3-BF4B-00C04F79EFBC}") = "LZAI.Repository", "LZAI.Repository\LZAI.Repository.csproj", "{8E2B833D-6342-47F7-A8D6-2F7A1F1DB19F}"
EndProject
Project("{FAE04EC0-301F-11D3-BF4B-00C04F79EFBC}") = "LZAI.Service", "LZAI.Service\LZAI.Service.csproj", "{1375D9F2-D9D4-40D3-83CC-8E05EF0C3FE9}"
EndProject
Global
	GlobalSection(SolutionConfigurationPlatforms) = preSolution
		Debug|Any CPU = Debug|Any CPU
		PST_Release|Any CPU = PST_Release|Any CPU
		Release|Any CPU = Release|Any CPU
	EndGlobalSection
	GlobalSection(ProjectConfigurationPlatforms) = postSolution
		{D439A232-4957-441F-9036-64F4585AD9FD}.Debug|Any CPU.ActiveCfg = Debug|Any CPU
		{D439A232-4957-441F-9036-64F4585AD9FD}.Debug|Any CPU.Build.0 = Debug|Any CPU
		{D439A232-4957-441F-9036-64F4585AD9FD}.PST_Release|Any CPU.ActiveCfg = PST_Release|Any CPU
		{D439A232-4957-441F-9036-64F4585AD9FD}.PST_Release|Any CPU.Build.0 = PST_Release|Any CPU
		{D439A232-4957-441F-9036-64F4585AD9FD}.Release|Any CPU.ActiveCfg = Release|Any CPU
		{D439A232-4957-441F-9036-64F4585AD9FD}.Release|Any CPU.Build.0 = Release|Any CPU
		{CE6F060A-3FF2-46FE-BEE4-1427E8044FFE}.Debug|Any CPU.ActiveCfg = Debug|Any CPU
		{CE6F060A-3FF2-46FE-BEE4-1427E8044FFE}.Debug|Any CPU.Build.0 = Debug|Any CPU
		{CE6F060A-3FF2-46FE-BEE4-1427E8044FFE}.PST_Release|Any CPU.ActiveCfg = PST_Release|Any CPU
		{CE6F060A-3FF2-46FE-BEE4-1427E8044FFE}.PST_Release|Any CPU.Build.0 = PST_Release|Any CPU
		{CE6F060A-3FF2-46FE-BEE4-1427E8044FFE}.Release|Any CPU.ActiveCfg = Release|Any CPU
		{CE6F060A-3FF2-46FE-BEE4-1427E8044FFE}.Release|Any CPU.Build.0 = Release|Any CPU
		{C7675029-D842-4910-AC61-606B0667CEF3}.Debug|Any CPU.ActiveCfg = Debug|Any CPU
		{C7675029-D842-4910-AC61-606B0667CEF3}.Debug|Any CPU.Build.0 = Debug|Any CPU
		{C7675029-D842-4910-AC61-606B0667CEF3}.PST_Release|Any CPU.ActiveCfg = PST_Release|Any CPU
		{C7675029-D842-4910-AC61-606B0667CEF3}.PST_Release|Any CPU.Build.0 = PST_Release|Any CPU
		{C7675029-D842-4910-AC61-606B0667CEF3}.Release|Any CPU.ActiveCfg = Release|Any CPU
		{C7675029-D842-4910-AC61-606B0667CEF3}.Release|Any CPU.Build.0 = Release|Any CPU
		{BC152A8C-C5DB-4FD7-9CF1-BBDD00FD5C90}.Debug|Any CPU.ActiveCfg = Debug|Any CPU
		{BC152A8C-C5DB-4FD7-9CF1-BBDD00FD5C90}.Debug|Any CPU.Build.0 = Debug|Any CPU
		{BC152A8C-C5DB-4FD7-9CF1-BBDD00FD5C90}.PST_Release|Any CPU.ActiveCfg = PST_Release|Any CPU
		{BC152A8C-C5DB-4FD7-9CF1-BBDD00FD5C90}.PST_Release|Any CPU.Build.0 = PST_Release|Any CPU
		{BC152A8C-C5DB-4FD7-9CF1-BBDD00FD5C90}.Release|Any CPU.ActiveCfg = Release|Any CPU
		{BC152A8C-C5DB-4FD7-9CF1-BBDD00FD5C90}.Release|Any CPU.Build.0 = Release|Any CPU
		{F2F68202-5D24-43E3-B06F-314C1E200EF8}.Debug|Any CPU.ActiveCfg = Debug|Any CPU
		{F2F68202-5D24-43E3-B06F-314C1E200EF8}.Debug|Any CPU.Build.0 = Debug|Any CPU
		{F2F68202-5D24-43E3-B06F-314C1E200EF8}.PST_Release|Any CPU.ActiveCfg = PST_Release|Any CPU
		{F2F68202-5D24-43E3-B06F-314C1E200EF8}.PST_Release|Any CPU.Build.0 = PST_Release|Any CPU
		{F2F68202-5D24-43E3-B06F-314C1E200EF8}.Release|Any CPU.ActiveCfg = Release|Any CPU
		{F2F68202-5D24-43E3-B06F-314C1E200EF8}.Release|Any CPU.Build.0 = Release|Any CPU
		{8E2B833D-6342-47F7-A8D6-2F7A1F1DB19F}.Debug|Any CPU.ActiveCfg = Debug|Any CPU
		{8E2B833D-6342-47F7-A8D6-2F7A1F1DB19F}.Debug|Any CPU.Build.0 = Debug|Any CPU
		{8E2B833D-6342-47F7-A8D6-2F7A1F1DB19F}.PST_Release|Any CPU.ActiveCfg = PST_Release|Any CPU
		{8E2B833D-6342-47F7-A8D6-2F7A1F1DB19F}.PST_Release|Any CPU.Build.0 = PST_Release|Any CPU
		{8E2B833D-6342-47F7-A8D6-2F7A1F1DB19F}.Release|Any CPU.ActiveCfg = Release|Any CPU
		{8E2B833D-6342-47F7-A8D6-2F7A1F1DB19F}.Release|Any CPU.Build.0 = Release|Any CPU
		{1375D9F2-D9D4-40D3-83CC-8E05EF0C3FE9}.Debug|Any CPU.ActiveCfg = Debug|Any CPU
		{1375D9F2-D9D4-40D3-83CC-8E05EF0C3FE9}.Debug|Any CPU.Build.0 = Debug|Any CPU
		{1375D9F2-D9D4-40D3-83CC-8E05EF0C3FE9}.PST_Release|Any CPU.ActiveCfg = PST_Release|Any CPU
		{1375D9F2-D9D4-40D3-83CC-8E05EF0C3FE9}.PST_Release|Any CPU.Build.0 = PST_Release|Any CPU
		{1375D9F2-D9D4-40D3-83CC-8E05EF0C3FE9}.Release|Any CPU.ActiveCfg = Release|Any CPU
		{1375D9F2-D9D4-40D3-83CC-8E05EF0C3FE9}.Release|Any CPU.Build.0 = Release|Any CPU
	EndGlobalSection
	GlobalSection(SolutionProperties) = preSolution
		HideSolutionNode = FALSE
	EndGlobalSection
	GlobalSection(NestedProjects) = preSolution
		{D439A232-4957-441F-9036-64F4585AD9FD} = {B7427024-EC31-46C8-9C39-50834B86C794}
		{CE6F060A-3FF2-46FE-BEE4-1427E8044FFE} = {B7427024-EC31-46C8-9C39-50834B86C794}
		{C7675029-D842-4910-AC61-606B0667CEF3} = {6CB704A0-1968-4841-BC34-5BA219CFEB73}
		{BC152A8C-C5DB-4FD7-9CF1-BBDD00FD5C90} = {77FF81B9-E296-44FD-977F-C2493FF76CA1}
		{F2F68202-5D24-43E3-B06F-314C1E200EF8} = {7757E65C-2498-46CD-B8B9-2085F676218A}
		{8E2B833D-6342-47F7-A8D6-2F7A1F1DB19F} = {74D14351-B24E-430F-8BAF-BDBE36519B1A}
		{1375D9F2-D9D4-40D3-83CC-8E05EF0C3FE9} = {B68371AB-757D-420F-BEEA-04361F79CCCB}
	EndGlobalSection
	GlobalSection(ExtensibilityGlobals) = postSolution
		SolutionGuid = {AB3444F4-5D73-45C6-BB2D-0E65292EC426}
	EndGlobalSection
EndGlobal
